
Microsoft Visual Studio Solution File, Format Version 12.00
# Visual Studio Version 16
VisualStudioVersion = 16.0.30330.147
MinimumVisualStudioVersion = 10.0.40219.1
Project("{FAE04EC0-301F-11D3-BF4B-00C04F79EFBC}") = "StudyCSharp", "StudyCSharp\StudyCSharp.csproj", "{59D142D3-467D-4672-BBE9-C3A037E76FE0}"
EndProject
Global
	GlobalSection(SolutionConfigurationPlatforms) = preSolution
		Debug|Any CPU = Debug|Any CPU
		Release|Any CPU = Release|Any CPU
	EndGlobalSection
	GlobalSection(ProjectConfigurationPlatforms) = postSolution
		{59D142D3-467D-4672-BBE9-C3A037E76FE0}.Debug|Any CPU.ActiveCfg = Debug|Any CPU
		{59D142D3-467D-4672-BBE9-C3A037E76FE0}.Debug|Any CPU.Build.0 = Debug|Any CPU
		{59D142D3-467D-4672-BBE9-C3A037E76FE0}.Release|Any CPU.ActiveCfg = Release|Any CPU
		{59D142D3-467D-4672-BBE9-C3A037E76FE0}.Release|Any CPU.Build.0 = Release|Any CPU
	EndGlobalSection
	GlobalSection(SolutionProperties) = preSolution
		HideSolutionNode = FALSE
	EndGlobalSection
	GlobalSection(ExtensibilityGlobals) = postSolution
		SolutionGuid = {1F4F25C7-7E12-4BBB-B4A6-D810577DEBA2}
	EndGlobalSection
EndGlobal
